{
  "requires": true,
  "lockfileVersion": 1,
  "dependencies": {
    "@types/cytoscape": {
      "version": "3.4.3",
      "resolved": "https://registry.npmjs.org/@types/cytoscape/-/cytoscape-3.4.3.tgz",
      "integrity": "sha512-uADb/vBj/xTeNNRvtYlzPz1rftMR4Jf6ipq4jqKfYibMZ173sAbdFM3Fl2fPbGfP28CWJpqhcpHp4+NUq3Ma4g=="
    },
    "@types/sizzle": {
      "version": "2.3.2",
      "resolved": "https://registry.npmjs.org/@types/sizzle/-/sizzle-2.3.2.tgz",
      "integrity": "sha512-7EJYyKTL7tFR8+gDbB6Wwz/arpGa0Mywk1TJbNzKzHtzbwVmY4HR9WqS5VV7dsBUKQmPNr192jHr/VpBluj/hg=="
    },
    "cytoscape": {
      "version": "3.8.1",
      "resolved": "https://registry.npmjs.org/cytoscape/-/cytoscape-3.8.1.tgz",
      "integrity": "sha512-hfoGBlqj8LJPnU5WgmQKdGpZaMknk8dPyGEJlzLa1xPwhmBscPMrmPxK2ffyKJIozeHm4UoYw4gPc0rAif4kVA==",
      "requires": {
        "heap": "^0.2.6",
        "lodash.debounce": "^4.0.8"
      }
    },
    "cytoscape-euler": {
      "version": "1.2.1",
      "resolved": "https://registry.npmjs.org/cytoscape-euler/-/cytoscape-euler-1.2.1.tgz",
      "integrity": "sha512-co7D/k2rELJtjRXE2oiS0TD6IaIa3peylCRuNiSSjSg68YXITFl8aCWeJ+ufv7DjXqtiQ1LxeESPPXy+7UP3mA=="
    },
    "heap": {
      "version": "0.2.6",
      "resolved": "https://registry.npmjs.org/heap/-/heap-0.2.6.tgz",
      "integrity": "sha1-CH4fELBGky/IWU3Z5tN4r8nR5aw="
    },
    "lodash.debounce": {
      "version": "4.0.8",
      "resolved": "https://registry.npmjs.org/lodash.debounce/-/lodash.debounce-4.0.8.tgz",
      "integrity": "sha1-gteb/zCmfEAF/9XiUVMArZyk168="
    },
    "requirejs": {
      "version": "2.3.6",
      "resolved": "https://registry.npmjs.org/requirejs/-/requirejs-2.3.6.tgz",
      "integrity": "sha512-ipEzlWQe6RK3jkzikgCupiTbTvm4S0/CAU5GlgptkN5SO6F3u0UD0K18wy6ErDqiCyP4J4YYe1HuAShvsxePLg=="
    },
    "viz.js": {
      "version": "2.1.2",
      "resolved": "https://registry.npmjs.org/viz.js/-/viz.js-2.1.2.tgz",
      "integrity": "sha512-UO6CPAuEMJ8oNR0gLLNl+wUiIzQUsyUOp8SyyDKTqVRBtq7kk1VnFmIZW8QufjxGrGEuI+LVR7p/C7uEKy0LQw=="
    }
  }
}
